
Microsoft Visual Studio Solution File, Format Version 12.00
Project("{FAE04EC0-301F-11D3-BF4B-00C04F79EFBC}") = "FreqtradeMetaStrategy", "FreqtradeMetaStrategy\FreqtradeMetaStrategy.csproj", "{9FD1AC23-D8D9-478C-9D1B-4B4A0D14F710}"
EndProject
Global
	GlobalSection(SolutionConfigurationPlatforms) = preSolution
		Debug|Any CPU = Debug|Any CPU
		Release|Any CPU = Release|Any CPU
	EndGlobalSection
	GlobalSection(ProjectConfigurationPlatforms) = postSolution
		{9FD1AC23-D8D9-478C-9D1B-4B4A0D14F710}.Debug|Any CPU.ActiveCfg = Debug|Any CPU
		{9FD1AC23-D8D9-478C-9D1B-4B4A0D14F710}.Debug|Any CPU.Build.0 = Debug|Any CPU
		{9FD1AC23-D8D9-478C-9D1B-4B4A0D14F710}.Release|Any CPU.ActiveCfg = Release|Any CPU
		{9FD1AC23-D8D9-478C-9D1B-4B4A0D14F710}.Release|Any CPU.Build.0 = Release|Any CPU
	EndGlobalSection
EndGlobal
